
Microsoft Visual Studio Solution File, Format Version 12.00
Project("{2150E333-8FDC-42A3-9474-1A3956D46DE8}") = "src", "src", "{827E0CD3-B72D-47B6-A68D-7590B98EB39B}"
EndProject
Project("{FAE04EC0-301F-11D3-BF4B-00C04F79EFBC}") = "DimPos.AppHost", "src\DimPos.AppHost\DimPos.AppHost.csproj", "{0465F150-B54F-8684-ADBE-69762F6984F7}"
EndProject
Project("{FAE04EC0-301F-11D3-BF4B-00C04F79EFBC}") = "DimPos.Gateway", "src\DimPos.Gateway\DimPos.Gateway.csproj", "{428B84B8-A0A0-8884-D9F6-240CF048035F}"
EndProject
Project("{FAE04EC0-301F-11D3-BF4B-00C04F79EFBC}") = "DimPos.Orchestrator", "src\DimPos.Orchestrator\DimPos.Orchestrator.csproj", "{3DAF0CC7-6BD8-C100-AABA-87153594C36F}"
EndProject
Project("{2150E333-8FDC-42A3-9474-1A3956D46DE8}") = "BuildingBlocks", "BuildingBlocks", "{90298CBA-BD6F-3A0A-69D5-97CAD7B05E7E}"
EndProject
Project("{FAE04EC0-301F-11D3-BF4B-00C04F79EFBC}") = "DimPos.ServiceDefaults", "src\BuildingBlocks\DimPos.ServiceDefaults\DimPos.ServiceDefaults.csproj", "{1CA23556-7E3A-B4FF-0F17-A782E88ABECA}"
EndProject
Project("{2150E333-8FDC-42A3-9474-1A3956D46DE8}") = "Shared", "Shared", "{736F89C7-C5C5-62B3-32BC-46A086522850}"
EndProject
Project("{FAE04EC0-301F-11D3-BF4B-00C04F79EFBC}") = "Common.Logging", "src\BuildingBlocks\Shared\Common.Logging\Common.Logging.csproj", "{02E96D74-B130-6073-C344-2CD9706C606C}"
EndProject
Project("{2150E333-8FDC-42A3-9474-1A3956D46DE8}") = "Services", "Services", "{984BB9B3-3FA3-BE33-9484-CAC21695A33C}"
EndProject
Project("{2150E333-8FDC-42A3-9474-1A3956D46DE8}") = "Catalog", "Catalog", "{C91C1CF1-1625-0789-F869-53D87D6277BA}"
EndProject
Project("{FAE04EC0-301F-11D3-BF4B-00C04F79EFBC}") = "DimPos.Catalog.Application", "src\Services\Catalog\DimPos.Catalog.Application\DimPos.Catalog.Application.csproj", "{192FD9CB-6EFF-CDA0-6B02-0D66843E5A75}"
EndProject
Project("{FAE04EC0-301F-11D3-BF4B-00C04F79EFBC}") = "DimPos.Catalog.Domain", "src\Services\Catalog\DimPos.Catalog.Domain\DimPos.Catalog.Domain.csproj", "{D9DE2C6B-3040-6BA1-7FFE-1A1E8B140825}"
EndProject
Project("{FAE04EC0-301F-11D3-BF4B-00C04F79EFBC}") = "DimPos.Catalog.Infrastructure", "src\Services\Catalog\DimPos.Catalog.Infrastructure\DimPos.Catalog.Infrastructure.csproj", "{612197FA-6753-9410-E9DB-1B14C6732601}"
EndProject
Project("{2150E333-8FDC-42A3-9474-1A3956D46DE8}") = "MenuCombo", "MenuCombo", "{6B9EA4C1-97BD-4DFD-AD69-5EFCC82E1B4F}"
EndProject
Project("{FAE04EC0-301F-11D3-BF4B-00C04F79EFBC}") = "DimPos.MenuCombo.Application", "src\Services\MenuCombo\DimPos.MenuCombo.Application\DimPos.MenuCombo.Application.csproj", "{DA18B0BD-0C75-4437-89CB-A4598BD0986D}"
EndProject
Project("{FAE04EC0-301F-11D3-BF4B-00C04F79EFBC}") = "DimPos.MenuCombo.Domain", "src\Services\MenuCombo\DimPos.MenuCombo.Domain\DimPos.MenuCombo.Domain.csproj", "{84A9E8E2-0508-4EEB-A637-9180EB809224}"
EndProject
Project("{FAE04EC0-301F-11D3-BF4B-00C04F79EFBC}") = "DimPos.MenuCombo.Infrastructure", "src\Services\MenuCombo\DimPos.MenuCombo.Infrastructure\DimPos.MenuCombo.Infrastructure.csproj", "{4A7B2A13-82DE-4C75-834F-BB3FDC578F77}"
EndProject
Project("{2150E333-8FDC-42A3-9474-1A3956D46DE8}") = "Identity", "Identity", "{C01EC720-6C48-4A05-A8F6-6DA0ADF18593}"
EndProject
Project("{FAE04EC0-301F-11D3-BF4B-00C04F79EFBC}") = "DimPos.Identity.Application", "src\Services\Identity\DimPos.Identity.Application\DimPos.Identity.Application.csproj", "{9F03A9CE-7FED-4178-8FD4-3695AA97CB54}"
EndProject
Project("{FAE04EC0-301F-11D3-BF4B-00C04F79EFBC}") = "DimPos.Identity.Domain", "src\Services\Identity\DimPos.Identity.Domain\DimPos.Identity.Domain.csproj", "{F7D7AA25-E6B6-4748-A7B0-658CFDEB9955}"
EndProject
Project("{FAE04EC0-301F-11D3-BF4B-00C04F79EFBC}") = "DimPos.Identity.Infrastructure", "src\Services\Identity\DimPos.Identity.Infrastructure\DimPos.Identity.Infrastructure.csproj", "{C310F93B-4C3B-40F7-AD91-8BD38441982F}"
EndProject
Project("{2150E333-8FDC-42A3-9474-1A3956D46DE8}") = "Brand", "Brand", "{9A8AA32B-3A47-4A95-91DA-9729E0D4C7E9}"
EndProject
Project("{FAE04EC0-301F-11D3-BF4B-00C04F79EFBC}") = "DimPos.Brand.Application", "src\Services\Brand\DimPos.Brand.Application\DimPos.Brand.Application.csproj", "{A2448BF1-639E-4FAE-A50D-079D601FC069}"
EndProject
Project("{FAE04EC0-301F-11D3-BF4B-00C04F79EFBC}") = "DimPos.Brand.Infrastructure", "src\Services\Brand\DimPos.Brand.Infrastructure\DimPos.Brand.Infrastructure.csproj", "{9CC834D1-21A1-47AC-93A2-FBC9E487DBD9}"
EndProject
Project("{FAE04EC0-301F-11D3-BF4B-00C04F79EFBC}") = "DimPos.Brand.Domain", "src\Services\Brand\DimPos.Brand.Domain\DimPos.Brand.Domain.csproj", "{85D7CA11-E6D3-4BED-9377-132A54A1E11A}"
EndProject
Project("{FAE04EC0-301F-11D3-BF4B-00C04F79EFBC}") = "SharedProject", "src\BuildingBlocks\Shared\SharedProject\SharedProject.csproj", "{10A62E07-1466-4F95-9B67-D03EF52646A6}"
EndProject
Project("{2150E333-8FDC-42A3-9474-1A3956D46DE8}") = "Store", "Store", "{382A27C8-D82C-4E01-A38B-98A2F8F454B9}"
EndProject
Project("{FAE04EC0-301F-11D3-BF4B-00C04F79EFBC}") = "DimPos.Store.Application", "src\Services\Store\DimPos.Store.Application\DimPos.Store.Application.csproj", "{A5DA42D3-3663-4C10-8DD6-1C30B83CECB4}"
EndProject
Project("{FAE04EC0-301F-11D3-BF4B-00C04F79EFBC}") = "DimPos.Store.Infrastructure", "src\Services\Store\DimPos.Store.Infrastructure\DimPos.Store.Infrastructure.csproj", "{98ED3DFC-D4CE-4A12-B589-D0B75873F8A8}"
EndProject
Project("{FAE04EC0-301F-11D3-BF4B-00C04F79EFBC}") = "DimPos.Store.Domain", "src\Services\Store\DimPos.Store.Domain\DimPos.Store.Domain.csproj", "{E49CD26A-00EB-4EA8-9408-269CDCFADD5C}"
EndProject
Project("{2150E333-8FDC-42A3-9474-1A3956D46DE8}") = "Media", "Media", "{A4410E40-A2A1-4BCE-A8A2-A4C3BC86EB8D}"
EndProject
Project("{FAE04EC0-301F-11D3-BF4B-00C04F79EFBC}") = "DimPos.Media.Application", "src\Services\Media\DimPos.Media.Application\DimPos.Media.Application.csproj", "{80B228F7-FAE0-4D58-9329-6989A29F7A85}"
EndProject
Project("{2150E333-8FDC-42A3-9474-1A3956D46DE8}") = "Payment", "Payment", "{E4F9BE6C-6078-4FCA-8D6E-B86DD41FF1B7}"
EndProject
Project("{FAE04EC0-301F-11D3-BF4B-00C04F79EFBC}") = "DimPos.Payment.Application", "src\Services\Payment\DimPos.Payment.Application\DimPos.Payment.Application.csproj", "{0D9D35CA-3EA4-4E9F-BF62-DF520CF71EB3}"
EndProject
Project("{FAE04EC0-301F-11D3-BF4B-00C04F79EFBC}") = "DimPos.Payment.Domain", "src\Services\Payment\DimPos.Payment.Domain\DimPos.Payment.Domain.csproj", "{D16EAF16-C1C4-4D3D-92D7-AA59D83BC306}"
EndProject
Project("{FAE04EC0-301F-11D3-BF4B-00C04F79EFBC}") = "DimPos.Payment.Infrastructure", "src\Services\Payment\DimPos.Payment.Infrastructure\DimPos.Payment.Infrastructure.csproj", "{D3634AB7-88BC-411B-ABFB-891E04686FDC}"
EndProject
Project("{2150E333-8FDC-42A3-9474-1A3956D46DE8}") = "Basket", "Basket", "{B0A1AF45-F7F1-4C92-AAF7-8983B3FD10CD}"
EndProject
Project("{FAE04EC0-301F-11D3-BF4B-00C04F79EFBC}") = "DimPos.Basket.Application", "src\Services\Basket\DimPos.Basket.Application\DimPos.Basket.Application.csproj", "{F0C7D0DE-EE28-46C2-ADBC-1547EE992665}"
EndProject
Project("{2150E333-8FDC-42A3-9474-1A3956D46DE8}") = "Promotion", "Promotion", "{28122AD1-AB90-4D5F-8446-B922B22DE74C}"
EndProject
Project("{FAE04EC0-301F-11D3-BF4B-00C04F79EFBC}") = "DimPos.Promotion.Application", "src\Services\Promotion\DimPos.Promotion.Application\DimPos.Promotion.Application.csproj", "{BA3A5478-DDF0-4742-BBAF-307EAC4E348E}"
EndProject
Project("{FAE04EC0-301F-11D3-BF4B-00C04F79EFBC}") = "DimPos.Promotion.Domain", "src\Services\Promotion\DimPos.Promotion.Domain\DimPos.Promotion.Domain.csproj", "{42287CF3-D011-4B7D-A2B1-F08AAC16ED11}"
EndProject
Project("{FAE04EC0-301F-11D3-BF4B-00C04F79EFBC}") = "DimPos.Promotion.Infrastructure", "src\Services\Promotion\DimPos.Promotion.Infrastructure\DimPos.Promotion.Infrastructure.csproj", "{60D56B6E-C4F2-4D69-BB88-EE7FFC090B54}"
EndProject
Project("{2150E333-8FDC-42A3-9474-1A3956D46DE8}") = "Order", "Order", "{A96789B5-89D4-4522-8B75-3402D58AE16E}"
EndProject
Project("{FAE04EC0-301F-11D3-BF4B-00C04F79EFBC}") = "DimPos.Order.Application", "src\Services\Order\DimPos.Order.Application\DimPos.Order.Application.csproj", "{5AF7D346-B8A5-4958-A3FF-A51531E20D1D}"
EndProject
Project("{FAE04EC0-301F-11D3-BF4B-00C04F79EFBC}") = "DimPos.Order.Infrastructure", "src\Services\Order\DimPos.Order.Infrastructure\DimPos.Order.Infrastructure.csproj", "{EC2842C9-6151-4135-9446-6BC45C93293B}"
EndProject
Project("{FAE04EC0-301F-11D3-BF4B-00C04F79EFBC}") = "DimPos.Order.Domain", "src\Services\Order\DimPos.Order.Domain\DimPos.Order.Domain.csproj", "{36AF730E-4224-4ED4-B357-5D7F0E91CA76}"
EndProject
Project("{2150E333-8FDC-42A3-9474-1A3956D46DE8}") = "Inventory", "Inventory", "{CC54BA99-90DA-45C0-838E-C8EFB36B0481}"
EndProject
Project("{FAE04EC0-301F-11D3-BF4B-00C04F79EFBC}") = "DimPos.Inventory.Application", "src\Services\Inventory\DimPos.Inventory.Application\DimPos.Inventory.Application.csproj", "{79F63FC3-599E-4532-BFA2-C3CE7823F677}"
EndProject
Project("{FAE04EC0-301F-11D3-BF4B-00C04F79EFBC}") = "DimPos.Inventory.Domain", "src\Services\Inventory\DimPos.Inventory.Domain\DimPos.Inventory.Domain.csproj", "{ED043A82-4931-460C-9F55-91BF4F6C9E5A}"
EndProject
Project("{FAE04EC0-301F-11D3-BF4B-00C04F79EFBC}") = "DimPos.Inventory.Infrastructure", "DimPos.Inventory.Infrastructure\DimPos.Inventory.Infrastructure.csproj", "{95891532-7EA0-44FE-B451-379A9BFAF81D}"
EndProject
Global
	GlobalSection(SolutionConfigurationPlatforms) = preSolution
		Debug|Any CPU = Debug|Any CPU
		Release|Any CPU = Release|Any CPU
	EndGlobalSection
	GlobalSection(ProjectConfigurationPlatforms) = postSolution
		{0465F150-B54F-8684-ADBE-69762F6984F7}.Debug|Any CPU.ActiveCfg = Debug|Any CPU
		{0465F150-B54F-8684-ADBE-69762F6984F7}.Debug|Any CPU.Build.0 = Debug|Any CPU
		{0465F150-B54F-8684-ADBE-69762F6984F7}.Release|Any CPU.ActiveCfg = Release|Any CPU
		{0465F150-B54F-8684-ADBE-69762F6984F7}.Release|Any CPU.Build.0 = Release|Any CPU
		{428B84B8-A0A0-8884-D9F6-240CF048035F}.Debug|Any CPU.ActiveCfg = Debug|Any CPU
		{428B84B8-A0A0-8884-D9F6-240CF048035F}.Debug|Any CPU.Build.0 = Debug|Any CPU
		{428B84B8-A0A0-8884-D9F6-240CF048035F}.Release|Any CPU.ActiveCfg = Release|Any CPU
		{428B84B8-A0A0-8884-D9F6-240CF048035F}.Release|Any CPU.Build.0 = Release|Any CPU
		{3DAF0CC7-6BD8-C100-AABA-87153594C36F}.Debug|Any CPU.ActiveCfg = Debug|Any CPU
		{3DAF0CC7-6BD8-C100-AABA-87153594C36F}.Debug|Any CPU.Build.0 = Debug|Any CPU
		{3DAF0CC7-6BD8-C100-AABA-87153594C36F}.Release|Any CPU.ActiveCfg = Release|Any CPU
		{3DAF0CC7-6BD8-C100-AABA-87153594C36F}.Release|Any CPU.Build.0 = Release|Any CPU
		{1CA23556-7E3A-B4FF-0F17-A782E88ABECA}.Debug|Any CPU.ActiveCfg = Debug|Any CPU
		{1CA23556-7E3A-B4FF-0F17-A782E88ABECA}.Debug|Any CPU.Build.0 = Debug|Any CPU
		{1CA23556-7E3A-B4FF-0F17-A782E88ABECA}.Release|Any CPU.ActiveCfg = Release|Any CPU
		{1CA23556-7E3A-B4FF-0F17-A782E88ABECA}.Release|Any CPU.Build.0 = Release|Any CPU
		{02E96D74-B130-6073-C344-2CD9706C606C}.Debug|Any CPU.ActiveCfg = Debug|Any CPU
		{02E96D74-B130-6073-C344-2CD9706C606C}.Debug|Any CPU.Build.0 = Debug|Any CPU
		{02E96D74-B130-6073-C344-2CD9706C606C}.Release|Any CPU.ActiveCfg = Release|Any CPU
		{02E96D74-B130-6073-C344-2CD9706C606C}.Release|Any CPU.Build.0 = Release|Any CPU
		{192FD9CB-6EFF-CDA0-6B02-0D66843E5A75}.Debug|Any CPU.ActiveCfg = Debug|Any CPU
		{192FD9CB-6EFF-CDA0-6B02-0D66843E5A75}.Debug|Any CPU.Build.0 = Debug|Any CPU
		{192FD9CB-6EFF-CDA0-6B02-0D66843E5A75}.Release|Any CPU.ActiveCfg = Release|Any CPU
		{192FD9CB-6EFF-CDA0-6B02-0D66843E5A75}.Release|Any CPU.Build.0 = Release|Any CPU
		{D9DE2C6B-3040-6BA1-7FFE-1A1E8B140825}.Debug|Any CPU.ActiveCfg = Debug|Any CPU
		{D9DE2C6B-3040-6BA1-7FFE-1A1E8B140825}.Debug|Any CPU.Build.0 = Debug|Any CPU
		{D9DE2C6B-3040-6BA1-7FFE-1A1E8B140825}.Release|Any CPU.ActiveCfg = Release|Any CPU
		{D9DE2C6B-3040-6BA1-7FFE-1A1E8B140825}.Release|Any CPU.Build.0 = Release|Any CPU
		{612197FA-6753-9410-E9DB-1B14C6732601}.Debug|Any CPU.ActiveCfg = Debug|Any CPU
		{612197FA-6753-9410-E9DB-1B14C6732601}.Debug|Any CPU.Build.0 = Debug|Any CPU
		{612197FA-6753-9410-E9DB-1B14C6732601}.Release|Any CPU.ActiveCfg = Release|Any CPU
		{612197FA-6753-9410-E9DB-1B14C6732601}.Release|Any CPU.Build.0 = Release|Any CPU
		{DA18B0BD-0C75-4437-89CB-A4598BD0986D}.Debug|Any CPU.ActiveCfg = Debug|Any CPU
		{DA18B0BD-0C75-4437-89CB-A4598BD0986D}.Debug|Any CPU.Build.0 = Debug|Any CPU
		{DA18B0BD-0C75-4437-89CB-A4598BD0986D}.Release|Any CPU.ActiveCfg = Release|Any CPU
		{DA18B0BD-0C75-4437-89CB-A4598BD0986D}.Release|Any CPU.Build.0 = Release|Any CPU
		{84A9E8E2-0508-4EEB-A637-9180EB809224}.Debug|Any CPU.ActiveCfg = Debug|Any CPU
		{84A9E8E2-0508-4EEB-A637-9180EB809224}.Debug|Any CPU.Build.0 = Debug|Any CPU
		{84A9E8E2-0508-4EEB-A637-9180EB809224}.Release|Any CPU.ActiveCfg = Release|Any CPU
		{84A9E8E2-0508-4EEB-A637-9180EB809224}.Release|Any CPU.Build.0 = Release|Any CPU
		{4A7B2A13-82DE-4C75-834F-BB3FDC578F77}.Debug|Any CPU.ActiveCfg = Debug|Any CPU
		{4A7B2A13-82DE-4C75-834F-BB3FDC578F77}.Debug|Any CPU.Build.0 = Debug|Any CPU
		{4A7B2A13-82DE-4C75-834F-BB3FDC578F77}.Release|Any CPU.ActiveCfg = Release|Any CPU
		{4A7B2A13-82DE-4C75-834F-BB3FDC578F77}.Release|Any CPU.Build.0 = Release|Any CPU
		{9F03A9CE-7FED-4178-8FD4-3695AA97CB54}.Debug|Any CPU.ActiveCfg = Debug|Any CPU
		{9F03A9CE-7FED-4178-8FD4-3695AA97CB54}.Debug|Any CPU.Build.0 = Debug|Any CPU
		{9F03A9CE-7FED-4178-8FD4-3695AA97CB54}.Release|Any CPU.ActiveCfg = Release|Any CPU
		{9F03A9CE-7FED-4178-8FD4-3695AA97CB54}.Release|Any CPU.Build.0 = Release|Any CPU
		{F7D7AA25-E6B6-4748-A7B0-658CFDEB9955}.Debug|Any CPU.ActiveCfg = Debug|Any CPU
		{F7D7AA25-E6B6-4748-A7B0-658CFDEB9955}.Debug|Any CPU.Build.0 = Debug|Any CPU
		{F7D7AA25-E6B6-4748-A7B0-658CFDEB9955}.Release|Any CPU.ActiveCfg = Release|Any CPU
		{F7D7AA25-E6B6-4748-A7B0-658CFDEB9955}.Release|Any CPU.Build.0 = Release|Any CPU
		{C310F93B-4C3B-40F7-AD91-8BD38441982F}.Debug|Any CPU.ActiveCfg = Debug|Any CPU
		{C310F93B-4C3B-40F7-AD91-8BD38441982F}.Debug|Any CPU.Build.0 = Debug|Any CPU
		{C310F93B-4C3B-40F7-AD91-8BD38441982F}.Release|Any CPU.ActiveCfg = Release|Any CPU
		{C310F93B-4C3B-40F7-AD91-8BD38441982F}.Release|Any CPU.Build.0 = Release|Any CPU
		{A2448BF1-639E-4FAE-A50D-079D601FC069}.Debug|Any CPU.ActiveCfg = Debug|Any CPU
		{A2448BF1-639E-4FAE-A50D-079D601FC069}.Debug|Any CPU.Build.0 = Debug|Any CPU
		{A2448BF1-639E-4FAE-A50D-079D601FC069}.Release|Any CPU.ActiveCfg = Release|Any CPU
		{A2448BF1-639E-4FAE-A50D-079D601FC069}.Release|Any CPU.Build.0 = Release|Any CPU
		{9CC834D1-21A1-47AC-93A2-FBC9E487DBD9}.Debug|Any CPU.ActiveCfg = Debug|Any CPU
		{9CC834D1-21A1-47AC-93A2-FBC9E487DBD9}.Debug|Any CPU.Build.0 = Debug|Any CPU
		{9CC834D1-21A1-47AC-93A2-FBC9E487DBD9}.Release|Any CPU.ActiveCfg = Release|Any CPU
		{9CC834D1-21A1-47AC-93A2-FBC9E487DBD9}.Release|Any CPU.Build.0 = Release|Any CPU
		{85D7CA11-E6D3-4BED-9377-132A54A1E11A}.Debug|Any CPU.ActiveCfg = Debug|Any CPU
		{85D7CA11-E6D3-4BED-9377-132A54A1E11A}.Debug|Any CPU.Build.0 = Debug|Any CPU
		{85D7CA11-E6D3-4BED-9377-132A54A1E11A}.Release|Any CPU.ActiveCfg = Release|Any CPU
		{85D7CA11-E6D3-4BED-9377-132A54A1E11A}.Release|Any CPU.Build.0 = Release|Any CPU
		{10A62E07-1466-4F95-9B67-D03EF52646A6}.Debug|Any CPU.ActiveCfg = Debug|Any CPU
		{10A62E07-1466-4F95-9B67-D03EF52646A6}.Debug|Any CPU.Build.0 = Debug|Any CPU
		{10A62E07-1466-4F95-9B67-D03EF52646A6}.Release|Any CPU.ActiveCfg = Release|Any CPU
		{10A62E07-1466-4F95-9B67-D03EF52646A6}.Release|Any CPU.Build.0 = Release|Any CPU
		{A5DA42D3-3663-4C10-8DD6-1C30B83CECB4}.Debug|Any CPU.ActiveCfg = Debug|Any CPU
		{A5DA42D3-3663-4C10-8DD6-1C30B83CECB4}.Debug|Any CPU.Build.0 = Debug|Any CPU
		{A5DA42D3-3663-4C10-8DD6-1C30B83CECB4}.Release|Any CPU.ActiveCfg = Release|Any CPU
		{A5DA42D3-3663-4C10-8DD6-1C30B83CECB4}.Release|Any CPU.Build.0 = Release|Any CPU
		{98ED3DFC-D4CE-4A12-B589-D0B75873F8A8}.Debug|Any CPU.ActiveCfg = Debug|Any CPU
		{98ED3DFC-D4CE-4A12-B589-D0B75873F8A8}.Debug|Any CPU.Build.0 = Debug|Any CPU
		{98ED3DFC-D4CE-4A12-B589-D0B75873F8A8}.Release|Any CPU.ActiveCfg = Release|Any CPU
		{98ED3DFC-D4CE-4A12-B589-D0B75873F8A8}.Release|Any CPU.Build.0 = Release|Any CPU
		{E49CD26A-00EB-4EA8-9408-269CDCFADD5C}.Debug|Any CPU.ActiveCfg = Debug|Any CPU
		{E49CD26A-00EB-4EA8-9408-269CDCFADD5C}.Debug|Any CPU.Build.0 = Debug|Any CPU
		{E49CD26A-00EB-4EA8-9408-269CDCFADD5C}.Release|Any CPU.ActiveCfg = Release|Any CPU
		{E49CD26A-00EB-4EA8-9408-269CDCFADD5C}.Release|Any CPU.Build.0 = Release|Any CPU
		{80B228F7-FAE0-4D58-9329-6989A29F7A85}.Debug|Any CPU.ActiveCfg = Debug|Any CPU
		{80B228F7-FAE0-4D58-9329-6989A29F7A85}.Debug|Any CPU.Build.0 = Debug|Any CPU
		{80B228F7-FAE0-4D58-9329-6989A29F7A85}.Release|Any CPU.ActiveCfg = Release|Any CPU
		{80B228F7-FAE0-4D58-9329-6989A29F7A85}.Release|Any CPU.Build.0 = Release|Any CPU
		{0D9D35CA-3EA4-4E9F-BF62-DF520CF71EB3}.Debug|Any CPU.ActiveCfg = Debug|Any CPU
		{0D9D35CA-3EA4-4E9F-BF62-DF520CF71EB3}.Debug|Any CPU.Build.0 = Debug|Any CPU
		{0D9D35CA-3EA4-4E9F-BF62-DF520CF71EB3}.Release|Any CPU.ActiveCfg = Release|Any CPU
		{0D9D35CA-3EA4-4E9F-BF62-DF520CF71EB3}.Release|Any CPU.Build.0 = Release|Any CPU
		{D16EAF16-C1C4-4D3D-92D7-AA59D83BC306}.Debug|Any CPU.ActiveCfg = Debug|Any CPU
		{D16EAF16-C1C4-4D3D-92D7-AA59D83BC306}.Debug|Any CPU.Build.0 = Debug|Any CPU
		{D16EAF16-C1C4-4D3D-92D7-AA59D83BC306}.Release|Any CPU.ActiveCfg = Release|Any CPU
		{D16EAF16-C1C4-4D3D-92D7-AA59D83BC306}.Release|Any CPU.Build.0 = Release|Any CPU
		{D3634AB7-88BC-411B-ABFB-891E04686FDC}.Debug|Any CPU.ActiveCfg = Debug|Any CPU
		{D3634AB7-88BC-411B-ABFB-891E04686FDC}.Debug|Any CPU.Build.0 = Debug|Any CPU
		{D3634AB7-88BC-411B-ABFB-891E04686FDC}.Release|Any CPU.ActiveCfg = Release|Any CPU
		{D3634AB7-88BC-411B-ABFB-891E04686FDC}.Release|Any CPU.Build.0 = Release|Any CPU
		{F0C7D0DE-EE28-46C2-ADBC-1547EE992665}.Debug|Any CPU.ActiveCfg = Debug|Any CPU
		{F0C7D0DE-EE28-46C2-ADBC-1547EE992665}.Debug|Any CPU.Build.0 = Debug|Any CPU
		{F0C7D0DE-EE28-46C2-ADBC-1547EE992665}.Release|Any CPU.ActiveCfg = Release|Any CPU
		{F0C7D0DE-EE28-46C2-ADBC-1547EE992665}.Release|Any CPU.Build.0 = Release|Any CPU
		{BA3A5478-DDF0-4742-BBAF-307EAC4E348E}.Debug|Any CPU.ActiveCfg = Debug|Any CPU
		{BA3A5478-DDF0-4742-BBAF-307EAC4E348E}.Debug|Any CPU.Build.0 = Debug|Any CPU
		{BA3A5478-DDF0-4742-BBAF-307EAC4E348E}.Release|Any CPU.ActiveCfg = Release|Any CPU
		{BA3A5478-DDF0-4742-BBAF-307EAC4E348E}.Release|Any CPU.Build.0 = Release|Any CPU
		{42287CF3-D011-4B7D-A2B1-F08AAC16ED11}.Debug|Any CPU.ActiveCfg = Debug|Any CPU
		{42287CF3-D011-4B7D-A2B1-F08AAC16ED11}.Debug|Any CPU.Build.0 = Debug|Any CPU
		{42287CF3-D011-4B7D-A2B1-F08AAC16ED11}.Release|Any CPU.ActiveCfg = Release|Any CPU
		{42287CF3-D011-4B7D-A2B1-F08AAC16ED11}.Release|Any CPU.Build.0 = Release|Any CPU
		{60D56B6E-C4F2-4D69-BB88-EE7FFC090B54}.Debug|Any CPU.ActiveCfg = Debug|Any CPU
		{60D56B6E-C4F2-4D69-BB88-EE7FFC090B54}.Debug|Any CPU.Build.0 = Debug|Any CPU
		{60D56B6E-C4F2-4D69-BB88-EE7FFC090B54}.Release|Any CPU.ActiveCfg = Release|Any CPU
		{60D56B6E-C4F2-4D69-BB88-EE7FFC090B54}.Release|Any CPU.Build.0 = Release|Any CPU
		{5AF7D346-B8A5-4958-A3FF-A51531E20D1D}.Debug|Any CPU.ActiveCfg = Debug|Any CPU
		{5AF7D346-B8A5-4958-A3FF-A51531E20D1D}.Debug|Any CPU.Build.0 = Debug|Any CPU
		{5AF7D346-B8A5-4958-A3FF-A51531E20D1D}.Release|Any CPU.ActiveCfg = Release|Any CPU
		{5AF7D346-B8A5-4958-A3FF-A51531E20D1D}.Release|Any CPU.Build.0 = Release|Any CPU
		{EC2842C9-6151-4135-9446-6BC45C93293B}.Debug|Any CPU.ActiveCfg = Debug|Any CPU
		{EC2842C9-6151-4135-9446-6BC45C93293B}.Debug|Any CPU.Build.0 = Debug|Any CPU
		{EC2842C9-6151-4135-9446-6BC45C93293B}.Release|Any CPU.ActiveCfg = Release|Any CPU
		{EC2842C9-6151-4135-9446-6BC45C93293B}.Release|Any CPU.Build.0 = Release|Any CPU
		{36AF730E-4224-4ED4-B357-5D7F0E91CA76}.Debug|Any CPU.ActiveCfg = Debug|Any CPU
		{36AF730E-4224-4ED4-B357-5D7F0E91CA76}.Debug|Any CPU.Build.0 = Debug|Any CPU
		{36AF730E-4224-4ED4-B357-5D7F0E91CA76}.Release|Any CPU.ActiveCfg = Release|Any CPU
		{36AF730E-4224-4ED4-B357-5D7F0E91CA76}.Release|Any CPU.Build.0 = Release|Any CPU
		{79F63FC3-599E-4532-BFA2-C3CE7823F677}.Debug|Any CPU.ActiveCfg = Debug|Any CPU
		{79F63FC3-599E-4532-BFA2-C3CE7823F677}.Debug|Any CPU.Build.0 = Debug|Any CPU
		{79F63FC3-599E-4532-BFA2-C3CE7823F677}.Release|Any CPU.ActiveCfg = Release|Any CPU
		{79F63FC3-599E-4532-BFA2-C3CE7823F677}.Release|Any CPU.Build.0 = Release|Any CPU
		{ED043A82-4931-460C-9F55-91BF4F6C9E5A}.Debug|Any CPU.ActiveCfg = Debug|Any CPU
		{ED043A82-4931-460C-9F55-91BF4F6C9E5A}.Debug|Any CPU.Build.0 = Debug|Any CPU
		{ED043A82-4931-460C-9F55-91BF4F6C9E5A}.Release|Any CPU.ActiveCfg = Release|Any CPU
		{ED043A82-4931-460C-9F55-91BF4F6C9E5A}.Release|Any CPU.Build.0 = Release|Any CPU
		{95891532-7EA0-44FE-B451-379A9BFAF81D}.Debug|Any CPU.ActiveCfg = Debug|Any CPU
		{95891532-7EA0-44FE-B451-379A9BFAF81D}.Debug|Any CPU.Build.0 = Debug|Any CPU
		{95891532-7EA0-44FE-B451-379A9BFAF81D}.Release|Any CPU.ActiveCfg = Release|Any CPU
		{95891532-7EA0-44FE-B451-379A9BFAF81D}.Release|Any CPU.Build.0 = Release|Any CPU
	EndGlobalSection
	GlobalSection(NestedProjects) = preSolution
		{0465F150-B54F-8684-ADBE-69762F6984F7} = {827E0CD3-B72D-47B6-A68D-7590B98EB39B}
		{428B84B8-A0A0-8884-D9F6-240CF048035F} = {827E0CD3-B72D-47B6-A68D-7590B98EB39B}
		{3DAF0CC7-6BD8-C100-AABA-87153594C36F} = {827E0CD3-B72D-47B6-A68D-7590B98EB39B}
		{90298CBA-BD6F-3A0A-69D5-97CAD7B05E7E} = {827E0CD3-B72D-47B6-A68D-7590B98EB39B}
		{984BB9B3-3FA3-BE33-9484-CAC21695A33C} = {827E0CD3-B72D-47B6-A68D-7590B98EB39B}
		{1CA23556-7E3A-B4FF-0F17-A782E88ABECA} = {90298CBA-BD6F-3A0A-69D5-97CAD7B05E7E}
		{736F89C7-C5C5-62B3-32BC-46A086522850} = {90298CBA-BD6F-3A0A-69D5-97CAD7B05E7E}
		{02E96D74-B130-6073-C344-2CD9706C606C} = {736F89C7-C5C5-62B3-32BC-46A086522850}
		{C91C1CF1-1625-0789-F869-53D87D6277BA} = {984BB9B3-3FA3-BE33-9484-CAC21695A33C}
		{192FD9CB-6EFF-CDA0-6B02-0D66843E5A75} = {C91C1CF1-1625-0789-F869-53D87D6277BA}
		{D9DE2C6B-3040-6BA1-7FFE-1A1E8B140825} = {C91C1CF1-1625-0789-F869-53D87D6277BA}
		{612197FA-6753-9410-E9DB-1B14C6732601} = {C91C1CF1-1625-0789-F869-53D87D6277BA}
		{6B9EA4C1-97BD-4DFD-AD69-5EFCC82E1B4F} = {984BB9B3-3FA3-BE33-9484-CAC21695A33C}
		{DA18B0BD-0C75-4437-89CB-A4598BD0986D} = {6B9EA4C1-97BD-4DFD-AD69-5EFCC82E1B4F}
		{84A9E8E2-0508-4EEB-A637-9180EB809224} = {6B9EA4C1-97BD-4DFD-AD69-5EFCC82E1B4F}
		{4A7B2A13-82DE-4C75-834F-BB3FDC578F77} = {6B9EA4C1-97BD-4DFD-AD69-5EFCC82E1B4F}
		{C01EC720-6C48-4A05-A8F6-6DA0ADF18593} = {984BB9B3-3FA3-BE33-9484-CAC21695A33C}
		{9F03A9CE-7FED-4178-8FD4-3695AA97CB54} = {C01EC720-6C48-4A05-A8F6-6DA0ADF18593}
		{F7D7AA25-E6B6-4748-A7B0-658CFDEB9955} = {C01EC720-6C48-4A05-A8F6-6DA0ADF18593}
		{C310F93B-4C3B-40F7-AD91-8BD38441982F} = {C01EC720-6C48-4A05-A8F6-6DA0ADF18593}
		{9A8AA32B-3A47-4A95-91DA-9729E0D4C7E9} = {984BB9B3-3FA3-BE33-9484-CAC21695A33C}
		{A2448BF1-639E-4FAE-A50D-079D601FC069} = {9A8AA32B-3A47-4A95-91DA-9729E0D4C7E9}
		{9CC834D1-21A1-47AC-93A2-FBC9E487DBD9} = {9A8AA32B-3A47-4A95-91DA-9729E0D4C7E9}
		{85D7CA11-E6D3-4BED-9377-132A54A1E11A} = {9A8AA32B-3A47-4A95-91DA-9729E0D4C7E9}
		{10A62E07-1466-4F95-9B67-D03EF52646A6} = {736F89C7-C5C5-62B3-32BC-46A086522850}
		{382A27C8-D82C-4E01-A38B-98A2F8F454B9} = {984BB9B3-3FA3-BE33-9484-CAC21695A33C}
		{A5DA42D3-3663-4C10-8DD6-1C30B83CECB4} = {382A27C8-D82C-4E01-A38B-98A2F8F454B9}
		{98ED3DFC-D4CE-4A12-B589-D0B75873F8A8} = {382A27C8-D82C-4E01-A38B-98A2F8F454B9}
		{E49CD26A-00EB-4EA8-9408-269CDCFADD5C} = {382A27C8-D82C-4E01-A38B-98A2F8F454B9}
		{A4410E40-A2A1-4BCE-A8A2-A4C3BC86EB8D} = {984BB9B3-3FA3-BE33-9484-CAC21695A33C}
		{80B228F7-FAE0-4D58-9329-6989A29F7A85} = {A4410E40-A2A1-4BCE-A8A2-A4C3BC86EB8D}
		{E4F9BE6C-6078-4FCA-8D6E-B86DD41FF1B7} = {984BB9B3-3FA3-BE33-9484-CAC21695A33C}
		{0D9D35CA-3EA4-4E9F-BF62-DF520CF71EB3} = {E4F9BE6C-6078-4FCA-8D6E-B86DD41FF1B7}
		{D16EAF16-C1C4-4D3D-92D7-AA59D83BC306} = {E4F9BE6C-6078-4FCA-8D6E-B86DD41FF1B7}
		{D3634AB7-88BC-411B-ABFB-891E04686FDC} = {E4F9BE6C-6078-4FCA-8D6E-B86DD41FF1B7}
		{B0A1AF45-F7F1-4C92-AAF7-8983B3FD10CD} = {984BB9B3-3FA3-BE33-9484-CAC21695A33C}
		{F0C7D0DE-EE28-46C2-ADBC-1547EE992665} = {B0A1AF45-F7F1-4C92-AAF7-8983B3FD10CD}
		{28122AD1-AB90-4D5F-8446-B922B22DE74C} = {984BB9B3-3FA3-BE33-9484-CAC21695A33C}
		{BA3A5478-DDF0-4742-BBAF-307EAC4E348E} = {28122AD1-AB90-4D5F-8446-B922B22DE74C}
		{42287CF3-D011-4B7D-A2B1-F08AAC16ED11} = {28122AD1-AB90-4D5F-8446-B922B22DE74C}
		{60D56B6E-C4F2-4D69-BB88-EE7FFC090B54} = {28122AD1-AB90-4D5F-8446-B922B22DE74C}
		{A96789B5-89D4-4522-8B75-3402D58AE16E} = {984BB9B3-3FA3-BE33-9484-CAC21695A33C}
		{5AF7D346-B8A5-4958-A3FF-A51531E20D1D} = {A96789B5-89D4-4522-8B75-3402D58AE16E}
		{EC2842C9-6151-4135-9446-6BC45C93293B} = {A96789B5-89D4-4522-8B75-3402D58AE16E}
		{36AF730E-4224-4ED4-B357-5D7F0E91CA76} = {A96789B5-89D4-4522-8B75-3402D58AE16E}
		{CC54BA99-90DA-45C0-838E-C8EFB36B0481} = {984BB9B3-3FA3-BE33-9484-CAC21695A33C}
		{79F63FC3-599E-4532-BFA2-C3CE7823F677} = {CC54BA99-90DA-45C0-838E-C8EFB36B0481}
		{ED043A82-4931-460C-9F55-91BF4F6C9E5A} = {CC54BA99-90DA-45C0-838E-C8EFB36B0481}
		{95891532-7EA0-44FE-B451-379A9BFAF81D} = {CC54BA99-90DA-45C0-838E-C8EFB36B0481}
	EndGlobalSection
EndGlobal
