
Microsoft Visual Studio Solution File, Format Version 12.00
Project("{2150E333-8FDC-42A3-9474-1A3956D46DE8}") = "src", "src", "{827E0CD3-B72D-47B6-A68D-7590B98EB39B}"
EndProject
Project("{FAE04EC0-301F-11D3-BF4B-00C04F79EFBC}") = "DimPos.AppHost", "src\DimPos.AppHost\DimPos.AppHost.csproj", "{0465F150-B54F-8684-ADBE-69762F6984F7}"
EndProject
Project("{FAE04EC0-301F-11D3-BF4B-00C04F79EFBC}") = "DimPos.Gateway", "src\DimPos.Gateway\DimPos.Gateway.csproj", "{428B84B8-A0A0-8884-D9F6-240CF048035F}"
EndProject
Project("{FAE04EC0-301F-11D3-BF4B-00C04F79EFBC}") = "DimPos.Orchestrator", "src\DimPos.Orchestrator\DimPos.Orchestrator.csproj", "{3DAF0CC7-6BD8-C100-AABA-87153594C36F}"
EndProject
Project("{2150E333-8FDC-42A3-9474-1A3956D46DE8}") = "BuildingBlocks", "BuildingBlocks", "{90298CBA-BD6F-3A0A-69D5-97CAD7B05E7E}"
EndProject
Project("{FAE04EC0-301F-11D3-BF4B-00C04F79EFBC}") = "DimPos.ServiceDefaults", "src\BuildingBlocks\DimPos.ServiceDefaults\DimPos.ServiceDefaults.csproj", "{1CA23556-7E3A-B4FF-0F17-A782E88ABECA}"
EndProject
Project("{2150E333-8FDC-42A3-9474-1A3956D46DE8}") = "Shared", "Shared", "{736F89C7-C5C5-62B3-32BC-46A086522850}"
EndProject
Project("{FAE04EC0-301F-11D3-BF4B-00C04F79EFBC}") = "Common.Logging", "src\BuildingBlocks\Shared\Common.Logging\Common.Logging.csproj", "{02E96D74-B130-6073-C344-2CD9706C606C}"
EndProject
Project("{2150E333-8FDC-42A3-9474-1A3956D46DE8}") = "Services", "Services", "{984BB9B3-3FA3-BE33-9484-CAC21695A33C}"
EndProject
Project("{2150E333-8FDC-42A3-9474-1A3956D46DE8}") = "Catalog", "Catalog", "{C91C1CF1-1625-0789-F869-53D87D6277BA}"
EndProject
Project("{FAE04EC0-301F-11D3-BF4B-00C04F79EFBC}") = "DimPos.Catalog.Application", "src\Services\Catalog\DimPos.Catalog.Application\DimPos.Catalog.Application.csproj", "{192FD9CB-6EFF-CDA0-6B02-0D66843E5A75}"
EndProject
Project("{FAE04EC0-301F-11D3-BF4B-00C04F79EFBC}") = "DimPos.Catalog.Domain", "src\Services\Catalog\DimPos.Catalog.Domain\DimPos.Catalog.Domain.csproj", "{D9DE2C6B-3040-6BA1-7FFE-1A1E8B140825}"
EndProject
Project("{FAE04EC0-301F-11D3-BF4B-00C04F79EFBC}") = "DimPos.Catalog.Infrastructure", "src\Services\Catalog\DimPos.Catalog.Infrastructure\DimPos.Catalog.Infrastructure.csproj", "{612197FA-6753-9410-E9DB-1B14C6732601}"
EndProject
Project("{2150E333-8FDC-42A3-9474-1A3956D46DE8}") = "MenuCombo", "MenuCombo", "{6B9EA4C1-97BD-4DFD-AD69-5EFCC82E1B4F}"
EndProject
Project("{FAE04EC0-301F-11D3-BF4B-00C04F79EFBC}") = "DimPos.MenuCombo.Application", "src\Services\MenuCombo\DimPos.MenuCombo.Application\DimPos.MenuCombo.Application.csproj", "{DA18B0BD-0C75-4437-89CB-A4598BD0986D}"
EndProject
Project("{FAE04EC0-301F-11D3-BF4B-00C04F79EFBC}") = "DimPos.MenuCombo.Domain", "src\Services\MenuCombo\DimPos.MenuCombo.Domain\DimPos.MenuCombo.Domain.csproj", "{84A9E8E2-0508-4EEB-A637-9180EB809224}"
EndProject
Project("{FAE04EC0-301F-11D3-BF4B-00C04F79EFBC}") = "DimPos.MenuCombo.Infrastructure", "src\Services\MenuCombo\DimPos.MenuCombo.Infrastructure\DimPos.MenuCombo.Infrastructure.csproj", "{4A7B2A13-82DE-4C75-834F-BB3FDC578F77}"
EndProject
Global
	GlobalSection(SolutionConfigurationPlatforms) = preSolution
		Debug|Any CPU = Debug|Any CPU
		Release|Any CPU = Release|Any CPU
	EndGlobalSection
	GlobalSection(ProjectConfigurationPlatforms) = postSolution
		{0465F150-B54F-8684-ADBE-69762F6984F7}.Debug|Any CPU.ActiveCfg = Debug|Any CPU
		{0465F150-B54F-8684-ADBE-69762F6984F7}.Debug|Any CPU.Build.0 = Debug|Any CPU
		{0465F150-B54F-8684-ADBE-69762F6984F7}.Release|Any CPU.ActiveCfg = Release|Any CPU
		{0465F150-B54F-8684-ADBE-69762F6984F7}.Release|Any CPU.Build.0 = Release|Any CPU
		{428B84B8-A0A0-8884-D9F6-240CF048035F}.Debug|Any CPU.ActiveCfg = Debug|Any CPU
		{428B84B8-A0A0-8884-D9F6-240CF048035F}.Debug|Any CPU.Build.0 = Debug|Any CPU
		{428B84B8-A0A0-8884-D9F6-240CF048035F}.Release|Any CPU.ActiveCfg = Release|Any CPU
		{428B84B8-A0A0-8884-D9F6-240CF048035F}.Release|Any CPU.Build.0 = Release|Any CPU
		{3DAF0CC7-6BD8-C100-AABA-87153594C36F}.Debug|Any CPU.ActiveCfg = Debug|Any CPU
		{3DAF0CC7-6BD8-C100-AABA-87153594C36F}.Debug|Any CPU.Build.0 = Debug|Any CPU
		{3DAF0CC7-6BD8-C100-AABA-87153594C36F}.Release|Any CPU.ActiveCfg = Release|Any CPU
		{3DAF0CC7-6BD8-C100-AABA-87153594C36F}.Release|Any CPU.Build.0 = Release|Any CPU
		{1CA23556-7E3A-B4FF-0F17-A782E88ABECA}.Debug|Any CPU.ActiveCfg = Debug|Any CPU
		{1CA23556-7E3A-B4FF-0F17-A782E88ABECA}.Debug|Any CPU.Build.0 = Debug|Any CPU
		{1CA23556-7E3A-B4FF-0F17-A782E88ABECA}.Release|Any CPU.ActiveCfg = Release|Any CPU
		{1CA23556-7E3A-B4FF-0F17-A782E88ABECA}.Release|Any CPU.Build.0 = Release|Any CPU
		{02E96D74-B130-6073-C344-2CD9706C606C}.Debug|Any CPU.ActiveCfg = Debug|Any CPU
		{02E96D74-B130-6073-C344-2CD9706C606C}.Debug|Any CPU.Build.0 = Debug|Any CPU
		{02E96D74-B130-6073-C344-2CD9706C606C}.Release|Any CPU.ActiveCfg = Release|Any CPU
		{02E96D74-B130-6073-C344-2CD9706C606C}.Release|Any CPU.Build.0 = Release|Any CPU
		{192FD9CB-6EFF-CDA0-6B02-0D66843E5A75}.Debug|Any CPU.ActiveCfg = Debug|Any CPU
		{192FD9CB-6EFF-CDA0-6B02-0D66843E5A75}.Debug|Any CPU.Build.0 = Debug|Any CPU
		{192FD9CB-6EFF-CDA0-6B02-0D66843E5A75}.Release|Any CPU.ActiveCfg = Release|Any CPU
		{192FD9CB-6EFF-CDA0-6B02-0D66843E5A75}.Release|Any CPU.Build.0 = Release|Any CPU
		{D9DE2C6B-3040-6BA1-7FFE-1A1E8B140825}.Debug|Any CPU.ActiveCfg = Debug|Any CPU
		{D9DE2C6B-3040-6BA1-7FFE-1A1E8B140825}.Debug|Any CPU.Build.0 = Debug|Any CPU
		{D9DE2C6B-3040-6BA1-7FFE-1A1E8B140825}.Release|Any CPU.ActiveCfg = Release|Any CPU
		{D9DE2C6B-3040-6BA1-7FFE-1A1E8B140825}.Release|Any CPU.Build.0 = Release|Any CPU
		{612197FA-6753-9410-E9DB-1B14C6732601}.Debug|Any CPU.ActiveCfg = Debug|Any CPU
		{612197FA-6753-9410-E9DB-1B14C6732601}.Debug|Any CPU.Build.0 = Debug|Any CPU
		{612197FA-6753-9410-E9DB-1B14C6732601}.Release|Any CPU.ActiveCfg = Release|Any CPU
		{612197FA-6753-9410-E9DB-1B14C6732601}.Release|Any CPU.Build.0 = Release|Any CPU
		{DA18B0BD-0C75-4437-89CB-A4598BD0986D}.Debug|Any CPU.ActiveCfg = Debug|Any CPU
		{DA18B0BD-0C75-4437-89CB-A4598BD0986D}.Debug|Any CPU.Build.0 = Debug|Any CPU
		{DA18B0BD-0C75-4437-89CB-A4598BD0986D}.Release|Any CPU.ActiveCfg = Release|Any CPU
		{DA18B0BD-0C75-4437-89CB-A4598BD0986D}.Release|Any CPU.Build.0 = Release|Any CPU
		{84A9E8E2-0508-4EEB-A637-9180EB809224}.Debug|Any CPU.ActiveCfg = Debug|Any CPU
		{84A9E8E2-0508-4EEB-A637-9180EB809224}.Debug|Any CPU.Build.0 = Debug|Any CPU
		{84A9E8E2-0508-4EEB-A637-9180EB809224}.Release|Any CPU.ActiveCfg = Release|Any CPU
		{84A9E8E2-0508-4EEB-A637-9180EB809224}.Release|Any CPU.Build.0 = Release|Any CPU
		{4A7B2A13-82DE-4C75-834F-BB3FDC578F77}.Debug|Any CPU.ActiveCfg = Debug|Any CPU
		{4A7B2A13-82DE-4C75-834F-BB3FDC578F77}.Debug|Any CPU.Build.0 = Debug|Any CPU
		{4A7B2A13-82DE-4C75-834F-BB3FDC578F77}.Release|Any CPU.ActiveCfg = Release|Any CPU
		{4A7B2A13-82DE-4C75-834F-BB3FDC578F77}.Release|Any CPU.Build.0 = Release|Any CPU
	EndGlobalSection
	GlobalSection(NestedProjects) = preSolution
		{0465F150-B54F-8684-ADBE-69762F6984F7} = {827E0CD3-B72D-47B6-A68D-7590B98EB39B}
		{428B84B8-A0A0-8884-D9F6-240CF048035F} = {827E0CD3-B72D-47B6-A68D-7590B98EB39B}
		{3DAF0CC7-6BD8-C100-AABA-87153594C36F} = {827E0CD3-B72D-47B6-A68D-7590B98EB39B}
		{90298CBA-BD6F-3A0A-69D5-97CAD7B05E7E} = {827E0CD3-B72D-47B6-A68D-7590B98EB39B}
		{984BB9B3-3FA3-BE33-9484-CAC21695A33C} = {827E0CD3-B72D-47B6-A68D-7590B98EB39B}
		{1CA23556-7E3A-B4FF-0F17-A782E88ABECA} = {90298CBA-BD6F-3A0A-69D5-97CAD7B05E7E}
		{736F89C7-C5C5-62B3-32BC-46A086522850} = {90298CBA-BD6F-3A0A-69D5-97CAD7B05E7E}
		{02E96D74-B130-6073-C344-2CD9706C606C} = {736F89C7-C5C5-62B3-32BC-46A086522850}
		{C91C1CF1-1625-0789-F869-53D87D6277BA} = {984BB9B3-3FA3-BE33-9484-CAC21695A33C}
		{192FD9CB-6EFF-CDA0-6B02-0D66843E5A75} = {C91C1CF1-1625-0789-F869-53D87D6277BA}
		{D9DE2C6B-3040-6BA1-7FFE-1A1E8B140825} = {C91C1CF1-1625-0789-F869-53D87D6277BA}
		{612197FA-6753-9410-E9DB-1B14C6732601} = {C91C1CF1-1625-0789-F869-53D87D6277BA}
		{6B9EA4C1-97BD-4DFD-AD69-5EFCC82E1B4F} = {984BB9B3-3FA3-BE33-9484-CAC21695A33C}
		{DA18B0BD-0C75-4437-89CB-A4598BD0986D} = {6B9EA4C1-97BD-4DFD-AD69-5EFCC82E1B4F}
		{84A9E8E2-0508-4EEB-A637-9180EB809224} = {6B9EA4C1-97BD-4DFD-AD69-5EFCC82E1B4F}
		{4A7B2A13-82DE-4C75-834F-BB3FDC578F77} = {6B9EA4C1-97BD-4DFD-AD69-5EFCC82E1B4F}
	EndGlobalSection
EndGlobal
